
Microsoft Visual Studio Solution File, Format Version 12.00
# Visual Studio Version 16
VisualStudioVersion = 16.0.29519.87
MinimumVisualStudioVersion = 10.0.40219.1
Project("{FAE04EC0-301F-11D3-BF4B-00C04F79EFBC}") = "13.12.2019", "13.12.2019\13.12.2019.csproj", "{27650519-4D5A-4850-8D0B-928A155956F4}"
EndProject
Global
	GlobalSection(SolutionConfigurationPlatforms) = preSolution
		Debug|Any CPU = Debug|Any CPU
		Release|Any CPU = Release|Any CPU
	EndGlobalSection
	GlobalSection(ProjectConfigurationPlatforms) = postSolution
		{27650519-4D5A-4850-8D0B-928A155956F4}.Debug|Any CPU.ActiveCfg = Debug|Any CPU
		{27650519-4D5A-4850-8D0B-928A155956F4}.Debug|Any CPU.Build.0 = Debug|Any CPU
		{27650519-4D5A-4850-8D0B-928A155956F4}.Release|Any CPU.ActiveCfg = Release|Any CPU
		{27650519-4D5A-4850-8D0B-928A155956F4}.Release|Any CPU.Build.0 = Release|Any CPU
	EndGlobalSection
	GlobalSection(SolutionProperties) = preSolution
		HideSolutionNode = FALSE
	EndGlobalSection
	GlobalSection(ExtensibilityGlobals) = postSolution
		SolutionGuid = {80F679C5-C087-40EC-A9E4-523F233675CB}
	EndGlobalSection
EndGlobal
