
Microsoft Visual Studio Solution File, Format Version 12.00
# Visual Studio Version 16
VisualStudioVersion = 16.0.29519.87
MinimumVisualStudioVersion = 10.0.40219.1
Project("{FAE04EC0-301F-11D3-BF4B-00C04F79EFBC}") = "PaintMy", "PaintMy\PaintMy.csproj", "{8D9FB329-6186-4D4C-A2B1-CA97A438309D}"
EndProject
Global
	GlobalSection(SolutionConfigurationPlatforms) = preSolution
		Debug|Any CPU = Debug|Any CPU
		Release|Any CPU = Release|Any CPU
	EndGlobalSection
	GlobalSection(ProjectConfigurationPlatforms) = postSolution
		{8D9FB329-6186-4D4C-A2B1-CA97A438309D}.Debug|Any CPU.ActiveCfg = Debug|Any CPU
		{8D9FB329-6186-4D4C-A2B1-CA97A438309D}.Debug|Any CPU.Build.0 = Debug|Any CPU
		{8D9FB329-6186-4D4C-A2B1-CA97A438309D}.Release|Any CPU.ActiveCfg = Release|Any CPU
		{8D9FB329-6186-4D4C-A2B1-CA97A438309D}.Release|Any CPU.Build.0 = Release|Any CPU
	EndGlobalSection
	GlobalSection(SolutionProperties) = preSolution
		HideSolutionNode = FALSE
	EndGlobalSection
	GlobalSection(ExtensibilityGlobals) = postSolution
		SolutionGuid = {A4BE270D-7A07-4BD9-9C8F-951859CEE944}
	EndGlobalSection
EndGlobal
