
Microsoft Visual Studio Solution File, Format Version 12.00
# Visual Studio Version 16
VisualStudioVersion = 16.0.29519.87
MinimumVisualStudioVersion = 10.0.40219.1
Project("{FAE04EC0-301F-11D3-BF4B-00C04F79EFBC}") = "12_12_2019", "12_12_2019\12_12_2019.csproj", "{C516E9F3-358A-4C07-A0E7-7E1F5C079B2B}"
EndProject
Global
	GlobalSection(SolutionConfigurationPlatforms) = preSolution
		Debug|Any CPU = Debug|Any CPU
		Release|Any CPU = Release|Any CPU
	EndGlobalSection
	GlobalSection(ProjectConfigurationPlatforms) = postSolution
		{C516E9F3-358A-4C07-A0E7-7E1F5C079B2B}.Debug|Any CPU.ActiveCfg = Debug|Any CPU
		{C516E9F3-358A-4C07-A0E7-7E1F5C079B2B}.Debug|Any CPU.Build.0 = Debug|Any CPU
		{C516E9F3-358A-4C07-A0E7-7E1F5C079B2B}.Release|Any CPU.ActiveCfg = Release|Any CPU
		{C516E9F3-358A-4C07-A0E7-7E1F5C079B2B}.Release|Any CPU.Build.0 = Release|Any CPU
	EndGlobalSection
	GlobalSection(SolutionProperties) = preSolution
		HideSolutionNode = FALSE
	EndGlobalSection
	GlobalSection(ExtensibilityGlobals) = postSolution
		SolutionGuid = {2CA705FE-C880-44B1-91F2-0FF5CB7E6E58}
	EndGlobalSection
EndGlobal
